// !$*UTF8*$!
{
	archiveVersion = 1;
	classes = {
	};
	objectVersion = 46;
	objects = {

/* Begin PBXBuildFile section */
		CABBE9271E827C0E00A3E5A7 /* main.m in Sources */ = {isa = PBXBuildFile; fileRef = CABBE9261E827C0E00A3E5A7 /* main.m */; };
		CABBE92A1E827C0E00A3E5A7 /* AppDelegate.m in Sources */ = {isa = PBXBuildFile; fileRef = CABBE9291E827C0E00A3E5A7 /* AppDelegate.m */; };
		CABBE92D1E827C0E00A3E5A7 /* ClockViewController.m in Sources */ = {isa = PBXBuildFile; fileRef = CABBE92C1E827C0E00A3E5A7 /* ClockViewController.m */; };
		CABBE9301E827C0E00A3E5A7 /* Main.storyboard in Resources */ = {isa = PBXBuildFile; fileRef = CABBE92E1E827C0E00A3E5A7 /* Main.storyboard */; };
		CABBE9321E827C0E00A3E5A7 /* Assets.xcassets in Resources */ = {isa = PBXBuildFile; fileRef = CABBE9311E827C0E00A3E5A7 /* Assets.xcassets */; };
		CABBE93D1E827C0E00A3E5A7 /* alarmTvOSTests.m in Sources */ = {isa = PBXBuildFile; fileRef = CABBE93C1E827C0E00A3E5A7 /* alarmTvOSTests.m */; };
		CABBE9481E827C0E00A3E5A7 /* alarmTvOSUITests.m in Sources */ = {isa = PBXBuildFile; fileRef = CABBE9471E827C0E00A3E5A7 /* alarmTvOSUITests.m */; };
/* End PBXBuildFile section */

/* Begin PBXContainerItemProxy section */
		CABBE9391E827C0E00A3E5A7 /* PBXContainerItemProxy */ = {
			isa = PBXContainerItemProxy;
			containerPortal = CABBE91A1E827C0E00A3E5A7 /* Project object */;
			proxyType = 1;
			remoteGlobalIDString = CABBE9211E827C0E00A3E5A7;
			remoteInfo = alarmTvOS;
		};
		CABBE9441E827C0E00A3E5A7 /* PBXContainerItemProxy */ = {
			isa = PBXContainerItemProxy;
			containerPortal = CABBE91A1E827C0E00A3E5A7 /* Project object */;
			proxyType = 1;
			remoteGlobalIDString = CABBE9211E827C0E00A3E5A7;
			remoteInfo = alarmTvOS;
		};
/* End PBXContainerItemProxy section */

/* Begin PBXFileReference section */
		CABBE9221E827C0E00A3E5A7 /* alarmTvOS.app */ = {isa = PBXFileReference; explicitFileType = wrapper.application; includeInIndex = 0; path = alarmTvOS.app; sourceTree = BUILT_PRODUCTS_DIR; };
		CABBE9261E827C0E00A3E5A7 /* main.m */ = {isa = PBXFileReference; lastKnownFileType = sourcecode.c.objc; path = main.m; sourceTree = "<group>"; };
		CABBE9281E827C0E00A3E5A7 /* AppDelegate.h */ = {isa = PBXFileReference; lastKnownFileType = sourcecode.c.h; path = AppDelegate.h; sourceTree = "<group>"; };
		CABBE9291E827C0E00A3E5A7 /* AppDelegate.m */ = {isa = PBXFileReference; lastKnownFileType = sourcecode.c.objc; path = AppDelegate.m; sourceTree = "<group>"; };
		CABBE92B1E827C0E00A3E5A7 /* ClockViewController.h */ = {isa = PBXFileReference; lastKnownFileType = sourcecode.c.h; path = ClockViewController.h; sourceTree = "<group>"; };
		CABBE92C1E827C0E00A3E5A7 /* ClockViewController.m */ = {isa = PBXFileReference; lastKnownFileType = sourcecode.c.objc; path = ClockViewController.m; sourceTree = "<group>"; };
		CABBE92F1E827C0E00A3E5A7 /* Base */ = {isa = PBXFileReference; lastKnownFileType = file.storyboard; name = Base; path = Base.lproj/Main.storyboard; sourceTree = "<group>"; };
		CABBE9311E827C0E00A3E5A7 /* Assets.xcassets */ = {isa = PBXFileReference; lastKnownFileType = folder.assetcatalog; path = Assets.xcassets; sourceTree = "<group>"; };
		CABBE9331E827C0E00A3E5A7 /* Info.plist */ = {isa = PBXFileReference; lastKnownFileType = text.plist.xml; path = Info.plist; sourceTree = "<group>"; };
		CABBE9381E827C0E00A3E5A7 /* alarmTvOSTests.xctest */ = {isa = PBXFileReference; explicitFileType = wrapper.cfbundle; includeInIndex = 0; path = alarmTvOSTests.xctest; sourceTree = BUILT_PRODUCTS_DIR; };
		CABBE93C1E827C0E00A3E5A7 /* alarmTvOSTests.m */ = {isa = PBXFileReference; lastKnownFileType = sourcecode.c.objc; path = alarmTvOSTests.m; sourceTree = "<group>"; };
		CABBE93E1E827C0E00A3E5A7 /* Info.plist */ = {isa = PBXFileReference; lastKnownFileType = text.plist.xml; path = Info.plist; sourceTree = "<group>"; };
		CABBE9431E827C0E00A3E5A7 /* alarmTvOSUITests.xctest */ = {isa = PBXFileReference; explicitFileType = wrapper.cfbundle; includeInIndex = 0; path = alarmTvOSUITests.xctest; sourceTree = BUILT_PRODUCTS_DIR; };
		CABBE9471E827C0E00A3E5A7 /* alarmTvOSUITests.m */ = {isa = PBXFileReference; lastKnownFileType = sourcecode.c.objc; path = alarmTvOSUITests.m; sourceTree = "<group>"; };
		CABBE9491E827C0E00A3E5A7 /* Info.plist */ = {isa = PBXFileReference; lastKnownFileType = text.plist.xml; path = Info.plist; sourceTree = "<group>"; };
/* End PBXFileReference section */

/* Begin PBXFrameworksBuildPhase section */
		CABBE91F1E827C0E00A3E5A7 /* Frameworks */ = {
			isa = PBXFrameworksBuildPhase;
			buildActionMask = 2147483647;
			files = (
			);
			runOnlyForDeploymentPostprocessing = 0;
		};
		CABBE9351E827C0E00A3E5A7 /* Frameworks */ = {
			isa = PBXFrameworksBuildPhase;
			buildActionMask = 2147483647;
			files = (
			);
			runOnlyForDeploymentPostprocessing = 0;
		};
		CABBE9401E827C0E00A3E5A7 /* Frameworks */ = {
			isa = PBXFrameworksBuildPhase;
			buildActionMask = 2147483647;
			files = (
			);
			runOnlyForDeploymentPostprocessing = 0;
		};
/* End PBXFrameworksBuildPhase section */

/* Begin PBXGroup section */
		CABBE9191E827C0E00A3E5A7 = {
			isa = PBXGroup;
			children = (
				CABBE9241E827C0E00A3E5A7 /* alarmTvOS */,
				CABBE93B1E827C0E00A3E5A7 /* alarmTvOSTests */,
				CABBE9461E827C0E00A3E5A7 /* alarmTvOSUITests */,
				CABBE9231E827C0E00A3E5A7 /* Products */,
			);
			sourceTree = "<group>";
		};
		CABBE9231E827C0E00A3E5A7 /* Products */ = {
			isa = PBXGroup;
			children = (
				CABBE9221E827C0E00A3E5A7 /* alarmTvOS.app */,
				CABBE9381E827C0E00A3E5A7 /* alarmTvOSTests.xctest */,
				CABBE9431E827C0E00A3E5A7 /* alarmTvOSUITests.xctest */,
			);
			name = Products;
			sourceTree = "<group>";
		};
		CABBE9241E827C0E00A3E5A7 /* alarmTvOS */ = {
			isa = PBXGroup;
			children = (
				CABBE9281E827C0E00A3E5A7 /* AppDelegate.h */,
				CABBE9291E827C0E00A3E5A7 /* AppDelegate.m */,
				CABBE92B1E827C0E00A3E5A7 /* ClockViewController.h */,
				CABBE92C1E827C0E00A3E5A7 /* ClockViewController.m */,
				CABBE92E1E827C0E00A3E5A7 /* Main.storyboard */,
				CABBE9311E827C0E00A3E5A7 /* Assets.xcassets */,
				CABBE9331E827C0E00A3E5A7 /* Info.plist */,
				CABBE9251E827C0E00A3E5A7 /* Supporting Files */,
			);
			path = alarmTvOS;
			sourceTree = "<group>";
		};
		CABBE9251E827C0E00A3E5A7 /* Supporting Files */ = {
			isa = PBXGroup;
			children = (
				CABBE9261E827C0E00A3E5A7 /* main.m */,
			);
			name = "Supporting Files";
			sourceTree = "<group>";
		};
		CABBE93B1E827C0E00A3E5A7 /* alarmTvOSTests */ = {
			isa = PBXGroup;
			children = (
				CABBE93C1E827C0E00A3E5A7 /* alarmTvOSTests.m */,
				CABBE93E1E827C0E00A3E5A7 /* Info.plist */,
			);
			path = alarmTvOSTests;
			sourceTree = "<group>";
		};
		CABBE9461E827C0E00A3E5A7 /* alarmTvOSUITests */ = {
			isa = PBXGroup;
			children = (
				CABBE9471E827C0E00A3E5A7 /* alarmTvOSUITests.m */,
				CABBE9491E827C0E00A3E5A7 /* Info.plist */,
			);
			path = alarmTvOSUITests;
			sourceTree = "<group>";
		};
/* End PBXGroup section */

/* Begin PBXNativeTarget section */
		CABBE9211E827C0E00A3E5A7 /* alarmTvOS */ = {
			isa = PBXNativeTarget;
			buildConfigurationList = CABBE94C1E827C0E00A3E5A7 /* Build configuration list for PBXNativeTarget "alarmTvOS" */;
			buildPhases = (
				CABBE91E1E827C0E00A3E5A7 /* Sources */,
				CABBE91F1E827C0E00A3E5A7 /* Frameworks */,
				CABBE9201E827C0E00A3E5A7 /* Resources */,
			);
			buildRules = (
			);
			dependencies = (
			);
			name = alarmTvOS;
			productName = alarmTvOS;
			productReference = CABBE9221E827C0E00A3E5A7 /* alarmTvOS.app */;
			productType = "com.apple.product-type.application";
		};
		CABBE9371E827C0E00A3E5A7 /* alarmTvOSTests */ = {
			isa = PBXNativeTarget;
			buildConfigurationList = CABBE94F1E827C0E00A3E5A7 /* Build configuration list for PBXNativeTarget "alarmTvOSTests" */;
			buildPhases = (
				CABBE9341E827C0E00A3E5A7 /* Sources */,
				CABBE9351E827C0E00A3E5A7 /* Frameworks */,
				CABBE9361E827C0E00A3E5A7 /* Resources */,
			);
			buildRules = (
			);
			dependencies = (
				CABBE93A1E827C0E00A3E5A7 /* PBXTargetDependency */,
			);
			name = alarmTvOSTests;
			productName = alarmTvOSTests;
			productReference = CABBE9381E827C0E00A3E5A7 /* alarmTvOSTests.xctest */;
			productType = "com.apple.product-type.bundle.unit-test";
		};
		CABBE9421E827C0E00A3E5A7 /* alarmTvOSUITests */ = {
			isa = PBXNativeTarget;
			buildConfigurationList = CABBE9521E827C0E00A3E5A7 /* Build configuration list for PBXNativeTarget "alarmTvOSUITests" */;
			buildPhases = (
				CABBE93F1E827C0E00A3E5A7 /* Sources */,
				CABBE9401E827C0E00A3E5A7 /* Frameworks */,
				CABBE9411E827C0E00A3E5A7 /* Resources */,
			);
			buildRules = (
			);
			dependencies = (
				CABBE9451E827C0E00A3E5A7 /* PBXTargetDependency */,
			);
			name = alarmTvOSUITests;
			productName = alarmTvOSUITests;
			productReference = CABBE9431E827C0E00A3E5A7 /* alarmTvOSUITests.xctest */;
			productType = "com.apple.product-type.bundle.ui-testing";
		};
/* End PBXNativeTarget section */

/* Begin PBXProject section */
		CABBE91A1E827C0E00A3E5A7 /* Project object */ = {
			isa = PBXProject;
			attributes = {
				LastUpgradeCheck = 0810;
				ORGANIZATIONNAME = Larsecg;
				TargetAttributes = {
					CABBE9211E827C0E00A3E5A7 = {
						CreatedOnToolsVersion = 8.1;
						ProvisioningStyle = Automatic;
					};
					CABBE9371E827C0E00A3E5A7 = {
						CreatedOnToolsVersion = 8.1;
						ProvisioningStyle = Automatic;
						TestTargetID = CABBE9211E827C0E00A3E5A7;
					};
					CABBE9421E827C0E00A3E5A7 = {
						CreatedOnToolsVersion = 8.1;
						ProvisioningStyle = Automatic;
						TestTargetID = CABBE9211E827C0E00A3E5A7;
					};
				};
			};
			buildConfigurationList = CABBE91D1E827C0E00A3E5A7 /* Build configuration list for PBXProject "alarmTvOS" */;
			compatibilityVersion = "Xcode 3.2";
			developmentRegion = English;
			hasScannedForEncodings = 0;
			knownRegions = (
				en,
				Base,
			);
			mainGroup = CABBE9191E827C0E00A3E5A7;
			productRefGroup = CABBE9231E827C0E00A3E5A7 /* Products */;
			projectDirPath = "";
			projectRoot = "";
			targets = (
				CABBE9211E827C0E00A3E5A7 /* alarmTvOS */,
				CABBE9371E827C0E00A3E5A7 /* alarmTvOSTests */,
				CABBE9421E827C0E00A3E5A7 /* alarmTvOSUITests */,
			);
		};
/* End PBXProject section */

/* Begin PBXResourcesBuildPhase section */
		CABBE9201E827C0E00A3E5A7 /* Resources */ = {
			isa = PBXResourcesBuildPhase;
			buildActionMask = 2147483647;
			files = (
				CABBE9321E827C0E00A3E5A7 /* Assets.xcassets in Resources */,
				CABBE9301E827C0E00A3E5A7 /* Main.storyboard in Resources */,
			);
			runOnlyForDeploymentPostprocessing = 0;
		};
		CABBE9361E827C0E00A3E5A7 /* Resources */ = {
			isa = PBXResourcesBuildPhase;
			buildActionMask = 2147483647;
			files = (
			);
			runOnlyForDeploymentPostprocessing = 0;
		};
		CABBE9411E827C0E00A3E5A7 /* Resources */ = {
			isa = PBXResourcesBuildPhase;
			buildActionMask = 2147483647;
			files = (
			);
			runOnlyForDeploymentPostprocessing = 0;
		};
/* End PBXResourcesBuildPhase section */

/* Begin PBXSourcesBuildPhase section */
		CABBE91E1E827C0E00A3E5A7 /* Sources */ = {
			isa = PBXSourcesBuildPhase;
			buildActionMask = 2147483647;
			files = (
				CABBE92D1E827C0E00A3E5A7 /* ClockViewController.m in Sources */,
				CABBE92A1E827C0E00A3E5A7 /* AppDelegate.m in Sources */,
				CABBE9271E827C0E00A3E5A7 /* main.m in Sources */,
			);
			runOnlyForDeploymentPostprocessing = 0;
		};
		CABBE9341E827C0E00A3E5A7 /* Sources */ = {
			isa = PBXSourcesBuildPhase;
			buildActionMask = 2147483647;
			files = (
				CABBE93D1E827C0E00A3E5A7 /* alarmTvOSTests.m in Sources */,
			);
			runOnlyForDeploymentPostprocessing = 0;
		};
		CABBE93F1E827C0E00A3E5A7 /* Sources */ = {
			isa = PBXSourcesBuildPhase;
			buildActionMask = 2147483647;
			files = (
				CABBE9481E827C0E00A3E5A7 /* alarmTvOSUITests.m in Sources */,
			);
			runOnlyForDeploymentPostprocessing = 0;
		};
/* End PBXSourcesBuildPhase section */

/* Begin PBXTargetDependency section */
		CABBE93A1E827C0E00A3E5A7 /* PBXTargetDependency */ = {
			isa = PBXTargetDependency;
			target = CABBE9211E827C0E00A3E5A7 /* alarmTvOS */;
			targetProxy = CABBE9391E827C0E00A3E5A7 /* PBXContainerItemProxy */;
		};
		CABBE9451E827C0E00A3E5A7 /* PBXTargetDependency */ = {
			isa = PBXTargetDependency;
			target = CABBE9211E827C0E00A3E5A7 /* alarmTvOS */;
			targetProxy = CABBE9441E827C0E00A3E5A7 /* PBXContainerItemProxy */;
		};
/* End PBXTargetDependency section */

/* Begin PBXVariantGroup section */
		CABBE92E1E827C0E00A3E5A7 /* Main.storyboard */ = {
			isa = PBXVariantGroup;
			children = (
				CABBE92F1E827C0E00A3E5A7 /* Base */,
			);
			name = Main.storyboard;
			sourceTree = "<group>";
		};
/* End PBXVariantGroup section */

/* Begin XCBuildConfiguration section */
		CABBE94A1E827C0E00A3E5A7 /* Debug */ = {
			isa = XCBuildConfiguration;
			buildSettings = {
				ALWAYS_SEARCH_USER_PATHS = NO;
				CLANG_ANALYZER_NONNULL = YES;
				CLANG_CXX_LANGUAGE_STANDARD = "gnu++0x";
				CLANG_CXX_LIBRARY = "libc++";
				CLANG_ENABLE_MODULES = YES;
				CLANG_ENABLE_OBJC_ARC = YES;
				CLANG_WARN_BOOL_CONVERSION = YES;
				CLANG_WARN_CONSTANT_CONVERSION = YES;
				CLANG_WARN_DIRECT_OBJC_ISA_USAGE = YES_ERROR;
				CLANG_WARN_DOCUMENTATION_COMMENTS = YES;
				CLANG_WARN_EMPTY_BODY = YES;
				CLANG_WARN_ENUM_CONVERSION = YES;
				CLANG_WARN_INFINITE_RECURSION = YES;
				CLANG_WARN_INT_CONVERSION = YES;
				CLANG_WARN_OBJC_ROOT_CLASS = YES_ERROR;
				CLANG_WARN_SUSPICIOUS_MOVES = YES;
				CLANG_WARN_UNREACHABLE_CODE = YES;
				CLANG_WARN__DUPLICATE_METHOD_MATCH = YES;
				COPY_PHASE_STRIP = NO;
				DEBUG_INFORMATION_FORMAT = dwarf;
				ENABLE_STRICT_OBJC_MSGSEND = YES;
				ENABLE_TESTABILITY = YES;
				GCC_C_LANGUAGE_STANDARD = gnu99;
				GCC_DYNAMIC_NO_PIC = NO;
				GCC_NO_COMMON_BLOCKS = YES;
				GCC_OPTIMIZATION_LEVEL = 0;
				GCC_PREPROCESSOR_DEFINITIONS = (
					"DEBUG=1",
					"$(inherited)",
				);
				GCC_WARN_64_TO_32_BIT_CONVERSION = YES;
				GCC_WARN_ABOUT_RETURN_TYPE = YES_ERROR;
				GCC_WARN_UNDECLARED_SELECTOR = YES;
				GCC_WARN_UNINITIALIZED_AUTOS = YES_AGGRESSIVE;
				GCC_WARN_UNUSED_FUNCTION = YES;
				GCC_WARN_UNUSED_VARIABLE = YES;
				MTL_ENABLE_DEBUG_INFO = YES;
				ONLY_ACTIVE_ARCH = YES;
				SDKROOT = appletvos;
				TARGETED_DEVICE_FAMILY = 3;
				TVOS_DEPLOYMENT_TARGET = 10.0;
			};
			name = Debug;
		};
		CABBE94B1E827C0E00A3E5A7 /* Release */ = {
			isa = XCBuildConfiguration;
			buildSettings = {
				ALWAYS_SEARCH_USER_PATHS = NO;
				CLANG_ANALYZER_NONNULL = YES;
				CLANG_CXX_LANGUAGE_STANDARD = "gnu++0x";
				CLANG_CXX_LIBRARY = "libc++";
				CLANG_ENABLE_MODULES = YES;
				CLANG_ENABLE_OBJC_ARC = YES;
				CLANG_WARN_BOOL_CONVERSION = YES;
				CLANG_WARN_CONSTANT_CONVERSION = YES;
				CLANG_WARN_DIRECT_OBJC_ISA_USAGE = YES_ERROR;
				CLANG_WARN_DOCUMENTATION_COMMENTS = YES;
				CLANG_WARN_EMPTY_BODY = YES;
				CLANG_WARN_ENUM_CONVERSION = YES;
				CLANG_WARN_INFINITE_RECURSION = YES;
				CLANG_WARN_INT_CONVERSION = YES;
				CLANG_WARN_OBJC_ROOT_CLASS = YES_ERROR;
				CLANG_WARN_SUSPICIOUS_MOVES = YES;
				CLANG_WARN_UNREACHABLE_CODE = YES;
				CLANG_WARN__DUPLICATE_METHOD_MATCH = YES;
				COPY_PHASE_STRIP = NO;
				DEBUG_INFORMATION_FORMAT = "dwarf-with-dsym";
				ENABLE_NS_ASSERTIONS = NO;
				ENABLE_STRICT_OBJC_MSGSEND = YES;
				GCC_C_LANGUAGE_STANDARD = gnu99;
				GCC_NO_COMMON_BLOCKS = YES;
				GCC_WARN_64_TO_32_BIT_CONVERSION = YES;
				GCC_WARN_ABOUT_RETURN_TYPE = YES_ERROR;
				GCC_WARN_UNDECLARED_SELECTOR = YES;
				GCC_WARN_UNINITIALIZED_AUTOS = YES_AGGRESSIVE;
				GCC_WARN_UNUSED_FUNCTION = YES;
				GCC_WARN_UNUSED_VARIABLE = YES;
				MTL_ENABLE_DEBUG_INFO = NO;
				SDKROOT = appletvos;
				TARGETED_DEVICE_FAMILY = 3;
				TVOS_DEPLOYMENT_TARGET = 10.0;
				VALIDATE_PRODUCT = YES;
			};
			name = Release;
		};
		CABBE94D1E827C0E00A3E5A7 /* Debug */ = {
			isa = XCBuildConfiguration;
			buildSettings = {
				ASSETCATALOG_COMPILER_APPICON_NAME = "App Icon & Top Shelf Image";
				ASSETCATALOG_COMPILER_LAUNCHIMAGE_NAME = LaunchImage;
				INFOPLIST_FILE = alarmTvOS/Info.plist;
				LD_RUNPATH_SEARCH_PATHS = "$(inherited) @executable_path/Frameworks";
				PRODUCT_BUNDLE_IDENTIFIER = Larsecg.alarmTvOS;
				PRODUCT_NAME = "$(TARGET_NAME)";
			};
			name = Debug;
		};
		CABBE94E1E827C0E00A3E5A7 /* Release */ = {
			isa = XCBuildConfiguration;
			buildSettings = {
				ASSETCATALOG_COMPILER_APPICON_NAME = "App Icon & Top Shelf Image";
				ASSETCATALOG_COMPILER_LAUNCHIMAGE_NAME = LaunchImage;
				INFOPLIST_FILE = alarmTvOS/Info.plist;
				LD_RUNPATH_SEARCH_PATHS = "$(inherited) @executable_path/Frameworks";
				PRODUCT_BUNDLE_IDENTIFIER = Larsecg.alarmTvOS;
				PRODUCT_NAME = "$(TARGET_NAME)";
			};
			name = Release;
		};
		CABBE9501E827C0E00A3E5A7 /* Debug */ = {
			isa = XCBuildConfiguration;
			buildSettings = {
				BUNDLE_LOADER = "$(TEST_HOST)";
				INFOPLIST_FILE = alarmTvOSTests/Info.plist;
				LD_RUNPATH_SEARCH_PATHS = "$(inherited) @executable_path/Frameworks @loader_path/Frameworks";
				PRODUCT_BUNDLE_IDENTIFIER = Larsecg.alarmTvOSTests;
				PRODUCT_NAME = "$(TARGET_NAME)";
				TEST_HOST = "$(BUILT_PRODUCTS_DIR)/alarmTvOS.app/alarmTvOS";
			};
			name = Debug;
		};
		CABBE9511E827C0E00A3E5A7 /* Release */ = {
			isa = XCBuildConfiguration;
			buildSettings = {
				BUNDLE_LOADER = "$(TEST_HOST)";
				INFOPLIST_FILE = alarmTvOSTests/Info.plist;
				LD_RUNPATH_SEARCH_PATHS = "$(inherited) @executable_path/Frameworks @loader_path/Frameworks";
				PRODUCT_BUNDLE_IDENTIFIER = Larsecg.alarmTvOSTests;
				PRODUCT_NAME = "$(TARGET_NAME)";
				TEST_HOST = "$(BUILT_PRODUCTS_DIR)/alarmTvOS.app/alarmTvOS";
			};
			name = Release;
		};
		CABBE9531E827C0E00A3E5A7 /* Debug */ = {
			isa = XCBuildConfiguration;
			buildSettings = {
				INFOPLIST_FILE = alarmTvOSUITests/Info.plist;
				LD_RUNPATH_SEARCH_PATHS = "$(inherited) @executable_path/Frameworks @loader_path/Frameworks";
				PRODUCT_BUNDLE_IDENTIFIER = Larsecg.alarmTvOSUITests;
				PRODUCT_NAME = "$(TARGET_NAME)";
				TEST_TARGET_NAME = alarmTvOS;
			};
			name = Debug;
		};
		CABBE9541E827C0E00A3E5A7 /* Release */ = {
			isa = XCBuildConfiguration;
			buildSettings = {
				INFOPLIST_FILE = alarmTvOSUITests/Info.plist;
				LD_RUNPATH_SEARCH_PATHS = "$(inherited) @executable_path/Frameworks @loader_path/Frameworks";
				PRODUCT_BUNDLE_IDENTIFIER = Larsecg.alarmTvOSUITests;
				PRODUCT_NAME = "$(TARGET_NAME)";
				TEST_TARGET_NAME = alarmTvOS;
			};
			name = Release;
		};
/* End XCBuildConfiguration section */

/* Begin XCConfigurationList section */
		CABBE91D1E827C0E00A3E5A7 /* Build configuration list for PBXProject "alarmTvOS" */ = {
			isa = XCConfigurationList;
			buildConfigurations = (
				CABBE94A1E827C0E00A3E5A7 /* Debug */,
				CABBE94B1E827C0E00A3E5A7 /* Release */,
			);
			defaultConfigurationIsVisible = 0;
			defaultConfigurationName = Release;
		};
		CABBE94C1E827C0E00A3E5A7 /* Build configuration list for PBXNativeTarget "alarmTvOS" */ = {
			isa = XCConfigurationList;
			buildConfigurations = (
				CABBE94D1E827C0E00A3E5A7 /* Debug */,
				CABBE94E1E827C0E00A3E5A7 /* Release */,
			);
			defaultConfigurationIsVisible = 0;
			defaultConfigurationName = Release;
		};
		CABBE94F1E827C0E00A3E5A7 /* Build configuration list for PBXNativeTarget "alarmTvOSTests" */ = {
			isa = XCConfigurationList;
			buildConfigurations = (
				CABBE9501E827C0E00A3E5A7 /* Debug */,
				CABBE9511E827C0E00A3E5A7 /* Release */,
			);
			defaultConfigurationIsVisible = 0;
			defaultConfigurationName = Release;
		};
		CABBE9521E827C0E00A3E5A7 /* Build configuration list for PBXNativeTarget "alarmTvOSUITests" */ = {
			isa = XCConfigurationList;
			buildConfigurations = (
				CABBE9531E827C0E00A3E5A7 /* Debug */,
				CABBE9541E827C0E00A3E5A7 /* Release */,
			);
			defaultConfigurationIsVisible = 0;
			defaultConfigurationName = Release;
		};
/* End XCConfigurationList section */
	};
	rootObject = CABBE91A1E827C0E00A3E5A7 /* Project object */;
}
